
Microsoft Visual Studio Solution File, Format Version 12.00
# Visual Studio Version 17
VisualStudioVersion = 17.7.34024.191
MinimumVisualStudioVersion = 10.0.40219.1
Project("{8BC9CEB8-8B4A-11D0-8D11-00A0C91BC942}") = "libzip", "libzip\libzip.vcxproj", "{D6A9C415-F623-4CA8-96BC-3F5D250B8CEF}"
EndProject
Project("{2150E333-8FDC-42A3-9474-1A3956D46DE8}") = "解决方案项", "解决方案项", "{9A8FD2BE-428C-4AA9-9053-74D35FDFCECC}"
	ProjectSection(SolutionItems) = preProject
		.gitignore = .gitignore
		README.md = README.md
	EndProjectSection
EndProject
Global
	GlobalSection(SolutionConfigurationPlatforms) = preSolution
		Debug|x64 = Debug|x64
		Debug|x86 = Debug|x86
		Release|x64 = Release|x64
		Release|x86 = Release|x86
	EndGlobalSection
	GlobalSection(ProjectConfigurationPlatforms) = postSolution
		{D6A9C415-F623-4CA8-96BC-3F5D250B8CEF}.Debug|x64.ActiveCfg = Debug|x64
		{D6A9C415-F623-4CA8-96BC-3F5D250B8CEF}.Debug|x64.Build.0 = Debug|x64
		{D6A9C415-F623-4CA8-96BC-3F5D250B8CEF}.Debug|x86.ActiveCfg = Debug|Win32
		{D6A9C415-F623-4CA8-96BC-3F5D250B8CEF}.Debug|x86.Build.0 = Debug|Win32
		{D6A9C415-F623-4CA8-96BC-3F5D250B8CEF}.Release|x64.ActiveCfg = Release|x64
		{D6A9C415-F623-4CA8-96BC-3F5D250B8CEF}.Release|x64.Build.0 = Release|x64
		{D6A9C415-F623-4CA8-96BC-3F5D250B8CEF}.Release|x86.ActiveCfg = Release|Win32
		{D6A9C415-F623-4CA8-96BC-3F5D250B8CEF}.Release|x86.Build.0 = Release|Win32
	EndGlobalSection
	GlobalSection(SolutionProperties) = preSolution
		HideSolutionNode = FALSE
	EndGlobalSection
	GlobalSection(ExtensibilityGlobals) = postSolution
		SolutionGuid = {145E1DBE-C76E-408F-8862-B86B72EA9B98}
	EndGlobalSection
EndGlobal
