<?xml version="1.0" encoding="utf-8"?>
<Project ToolsVersion="4.0" xmlns="http://schemas.microsoft.com/developer/msbuild/2003">
  <ItemGroup>
    <Filter Include="源文件">
      <UniqueIdentifier>{4FC737F1-C7A5-4376-A066-2A32D752A2FF}</UniqueIdentifier>
      <Extensions>cpp;c;cc;cxx;c++;cppm;ixx;def;odl;idl;hpj;bat;asm;asmx</Extensions>
    </Filter>
    <Filter Include="头文件">
      <UniqueIdentifier>{93995380-89BD-4b04-88EB-625FBE52EBFB}</UniqueIdentifier>
      <Extensions>h;hh;hpp;hxx;h++;hm;inl;inc;ipp;xsd</Extensions>
    </Filter>
    <Filter Include="资源文件">
      <UniqueIdentifier>{67DA6AB6-F800-4c08-8B7A-83BB121AAD01}</UniqueIdentifier>
      <Extensions>rc;ico;cur;bmp;dlg;rc2;rct;bin;rgs;gif;jpg;jpeg;jpe;resx;tiff;tif;png;wav;mfcribbon-ms</Extensions>
    </Filter>
    <Filter Include="源文件\lib">
      <UniqueIdentifier>{a75f8b6f-2bd3-47ca-8eb1-8dd2fc79deda}</UniqueIdentifier>
    </Filter>
  </ItemGroup>
  <ItemGroup>
    <None Include="NuGetPack\nih_at.libzip.nuspec" />
    <None Include="NuGetPack\build\native\nih_at.libzip.targets" />
    <None Include="NuGetPack.ps1" />
    <None Include="packages.config" />
  </ItemGroup>
  <ItemGroup>
    <ClCompile Include="zip_err_str.c">
      <Filter>源文件</Filter>
    </ClCompile>
    <ClCompile Include="..\..\lib\zip_add.c">
      <Filter>源文件\lib</Filter>
    </ClCompile>
    <ClCompile Include="..\..\lib\zip_add_dir.c">
      <Filter>源文件\lib</Filter>
    </ClCompile>
    <ClCompile Include="..\..\lib\zip_add_entry.c">
      <Filter>源文件\lib</Filter>
    </ClCompile>
    <ClCompile Include="..\..\lib\zip_algorithm_deflate.c">
      <Filter>源文件\lib</Filter>
    </ClCompile>
    <ClCompile Include="..\..\lib\zip_buffer.c">
      <Filter>源文件\lib</Filter>
    </ClCompile>
    <ClCompile Include="..\..\lib\zip_close.c">
      <Filter>源文件\lib</Filter>
    </ClCompile>
    <ClCompile Include="..\..\lib\zip_crypto_win.c">
      <Filter>源文件\lib</Filter>
    </ClCompile>
    <ClCompile Include="..\..\lib\zip_delete.c">
      <Filter>源文件\lib</Filter>
    </ClCompile>
    <ClCompile Include="..\..\lib\zip_dir_add.c">
      <Filter>源文件\lib</Filter>
    </ClCompile>
    <ClCompile Include="..\..\lib\zip_dirent.c">
      <Filter>源文件\lib</Filter>
    </ClCompile>
    <ClCompile Include="..\..\lib\zip_discard.c">
      <Filter>源文件\lib</Filter>
    </ClCompile>
    <ClCompile Include="..\..\lib\zip_entry.c">
      <Filter>源文件\lib</Filter>
    </ClCompile>
    <ClCompile Include="..\..\lib\zip_error.c">
      <Filter>源文件\lib</Filter>
    </ClCompile>
    <ClCompile Include="..\..\lib\zip_error_clear.c">
      <Filter>源文件\lib</Filter>
    </ClCompile>
    <ClCompile Include="..\..\lib\zip_error_get.c">
      <Filter>源文件\lib</Filter>
    </ClCompile>
    <ClCompile Include="..\..\lib\zip_error_get_sys_type.c">
      <Filter>源文件\lib</Filter>
    </ClCompile>
    <ClCompile Include="..\..\lib\zip_error_strerror.c">
      <Filter>源文件\lib</Filter>
    </ClCompile>
    <ClCompile Include="..\..\lib\zip_error_to_str.c">
      <Filter>源文件\lib</Filter>
    </ClCompile>
    <ClCompile Include="..\..\lib\zip_extra_field.c">
      <Filter>源文件\lib</Filter>
    </ClCompile>
    <ClCompile Include="..\..\lib\zip_extra_field_api.c">
      <Filter>源文件\lib</Filter>
    </ClCompile>
    <ClCompile Include="..\..\lib\zip_fclose.c">
      <Filter>源文件\lib</Filter>
    </ClCompile>
    <ClCompile Include="..\..\lib\zip_fdopen.c">
      <Filter>源文件\lib</Filter>
    </ClCompile>
    <ClCompile Include="..\..\lib\zip_file_add.c">
      <Filter>源文件\lib</Filter>
    </ClCompile>
    <ClCompile Include="..\..\lib\zip_file_error_clear.c">
      <Filter>源文件\lib</Filter>
    </ClCompile>
    <ClCompile Include="..\..\lib\zip_file_error_get.c">
      <Filter>源文件\lib</Filter>
    </ClCompile>
    <ClCompile Include="..\..\lib\zip_file_get_comment.c">
      <Filter>源文件\lib</Filter>
    </ClCompile>
    <ClCompile Include="..\..\lib\zip_file_get_external_attributes.c">
      <Filter>源文件\lib</Filter>
    </ClCompile>
    <ClCompile Include="..\..\lib\zip_file_get_offset.c">
      <Filter>源文件\lib</Filter>
    </ClCompile>
    <ClCompile Include="..\..\lib\zip_file_rename.c">
      <Filter>源文件\lib</Filter>
    </ClCompile>
    <ClCompile Include="..\..\lib\zip_file_replace.c">
      <Filter>源文件\lib</Filter>
    </ClCompile>
    <ClCompile Include="..\..\lib\zip_file_set_comment.c">
      <Filter>源文件\lib</Filter>
    </ClCompile>
    <ClCompile Include="..\..\lib\zip_file_set_encryption.c">
      <Filter>源文件\lib</Filter>
    </ClCompile>
    <ClCompile Include="..\..\lib\zip_file_set_external_attributes.c">
      <Filter>源文件\lib</Filter>
    </ClCompile>
    <ClCompile Include="..\..\lib\zip_file_set_mtime.c">
      <Filter>源文件\lib</Filter>
    </ClCompile>
    <ClCompile Include="..\..\lib\zip_file_strerror.c">
      <Filter>源文件\lib</Filter>
    </ClCompile>
    <ClCompile Include="..\..\lib\zip_fopen.c">
      <Filter>源文件\lib</Filter>
    </ClCompile>
    <ClCompile Include="..\..\lib\zip_fopen_encrypted.c">
      <Filter>源文件\lib</Filter>
    </ClCompile>
    <ClCompile Include="..\..\lib\zip_fopen_index.c">
      <Filter>源文件\lib</Filter>
    </ClCompile>
    <ClCompile Include="..\..\lib\zip_fopen_index_encrypted.c">
      <Filter>源文件\lib</Filter>
    </ClCompile>
    <ClCompile Include="..\..\lib\zip_fread.c">
      <Filter>源文件\lib</Filter>
    </ClCompile>
    <ClCompile Include="..\..\lib\zip_fseek.c">
      <Filter>源文件\lib</Filter>
    </ClCompile>
    <ClCompile Include="..\..\lib\zip_ftell.c">
      <Filter>源文件\lib</Filter>
    </ClCompile>
    <ClCompile Include="..\..\lib\zip_get_archive_comment.c">
      <Filter>源文件\lib</Filter>
    </ClCompile>
    <ClCompile Include="..\..\lib\zip_get_archive_flag.c">
      <Filter>源文件\lib</Filter>
    </ClCompile>
    <ClCompile Include="..\..\lib\zip_get_encryption_implementation.c">
      <Filter>源文件\lib</Filter>
    </ClCompile>
    <ClCompile Include="..\..\lib\zip_get_file_comment.c">
      <Filter>源文件\lib</Filter>
    </ClCompile>
    <ClCompile Include="..\..\lib\zip_get_name.c">
      <Filter>源文件\lib</Filter>
    </ClCompile>
    <ClCompile Include="..\..\lib\zip_get_num_entries.c">
      <Filter>源文件\lib</Filter>
    </ClCompile>
    <ClCompile Include="..\..\lib\zip_get_num_files.c">
      <Filter>源文件\lib</Filter>
    </ClCompile>
    <ClCompile Include="..\..\lib\zip_hash.c">
      <Filter>源文件\lib</Filter>
    </ClCompile>
    <ClCompile Include="..\..\lib\zip_io_util.c">
      <Filter>源文件\lib</Filter>
    </ClCompile>
    <ClCompile Include="..\..\lib\zip_libzip_version.c">
      <Filter>源文件\lib</Filter>
    </ClCompile>
    <ClCompile Include="..\..\lib\zip_memdup.c">
      <Filter>源文件\lib</Filter>
    </ClCompile>
    <ClCompile Include="..\..\lib\zip_name_locate.c">
      <Filter>源文件\lib</Filter>
    </ClCompile>
    <ClCompile Include="..\..\lib\zip_new.c">
      <Filter>源文件\lib</Filter>
    </ClCompile>
    <ClCompile Include="..\..\lib\zip_open.c">
      <Filter>源文件\lib</Filter>
    </ClCompile>
    <ClCompile Include="..\..\lib\zip_pkware.c">
      <Filter>源文件\lib</Filter>
    </ClCompile>
    <ClCompile Include="..\..\lib\zip_progress.c">
      <Filter>源文件\lib</Filter>
    </ClCompile>
    <ClCompile Include="..\..\lib\zip_random_unix.c">
      <Filter>源文件\lib</Filter>
    </ClCompile>
    <ClCompile Include="..\..\lib\zip_random_uwp.c">
      <Filter>源文件\lib</Filter>
    </ClCompile>
    <ClCompile Include="..\..\lib\zip_random_win32.c">
      <Filter>源文件\lib</Filter>
    </ClCompile>
    <ClCompile Include="..\..\lib\zip_rename.c">
      <Filter>源文件\lib</Filter>
    </ClCompile>
    <ClCompile Include="..\..\lib\zip_replace.c">
      <Filter>源文件\lib</Filter>
    </ClCompile>
    <ClCompile Include="..\..\lib\zip_set_archive_comment.c">
      <Filter>源文件\lib</Filter>
    </ClCompile>
    <ClCompile Include="..\..\lib\zip_set_archive_flag.c">
      <Filter>源文件\lib</Filter>
    </ClCompile>
    <ClCompile Include="..\..\lib\zip_set_default_password.c">
      <Filter>源文件\lib</Filter>
    </ClCompile>
    <ClCompile Include="..\..\lib\zip_set_file_comment.c">
      <Filter>源文件\lib</Filter>
    </ClCompile>
    <ClCompile Include="..\..\lib\zip_set_file_compression.c">
      <Filter>源文件\lib</Filter>
    </ClCompile>
    <ClCompile Include="..\..\lib\zip_set_name.c">
      <Filter>源文件\lib</Filter>
    </ClCompile>
    <ClCompile Include="..\..\lib\zip_source_accept_empty.c">
      <Filter>源文件\lib</Filter>
    </ClCompile>
    <ClCompile Include="..\..\lib\zip_source_begin_write.c">
      <Filter>源文件\lib</Filter>
    </ClCompile>
    <ClCompile Include="..\..\lib\zip_source_begin_write_cloning.c">
      <Filter>源文件\lib</Filter>
    </ClCompile>
    <ClCompile Include="..\..\lib\zip_source_buffer.c">
      <Filter>源文件\lib</Filter>
    </ClCompile>
    <ClCompile Include="..\..\lib\zip_source_call.c">
      <Filter>源文件\lib</Filter>
    </ClCompile>
    <ClCompile Include="..\..\lib\zip_source_close.c">
      <Filter>源文件\lib</Filter>
    </ClCompile>
    <ClCompile Include="..\..\lib\zip_source_commit_write.c">
      <Filter>源文件\lib</Filter>
    </ClCompile>
    <ClCompile Include="..\..\lib\zip_source_compress.c">
      <Filter>源文件\lib</Filter>
    </ClCompile>
    <ClCompile Include="..\..\lib\zip_source_crc.c">
      <Filter>源文件\lib</Filter>
    </ClCompile>
    <ClCompile Include="..\..\lib\zip_source_error.c">
      <Filter>源文件\lib</Filter>
    </ClCompile>
    <ClCompile Include="..\..\lib\zip_source_file_common.c">
      <Filter>源文件\lib</Filter>
    </ClCompile>
    <ClCompile Include="..\..\lib\zip_source_file_stdio.c">
      <Filter>源文件\lib</Filter>
    </ClCompile>
    <ClCompile Include="..\..\lib\zip_source_file_win32.c">
      <Filter>源文件\lib</Filter>
    </ClCompile>
    <ClCompile Include="..\..\lib\zip_source_file_win32_ansi.c">
      <Filter>源文件\lib</Filter>
    </ClCompile>
    <ClCompile Include="..\..\lib\zip_source_file_win32_named.c">
      <Filter>源文件\lib</Filter>
    </ClCompile>
    <ClCompile Include="..\..\lib\zip_source_file_win32_utf8.c">
      <Filter>源文件\lib</Filter>
    </ClCompile>
    <ClCompile Include="..\..\lib\zip_source_file_win32_utf16.c">
      <Filter>源文件\lib</Filter>
    </ClCompile>
    <ClCompile Include="..\..\lib\zip_source_free.c">
      <Filter>源文件\lib</Filter>
    </ClCompile>
    <ClCompile Include="..\..\lib\zip_source_function.c">
      <Filter>源文件\lib</Filter>
    </ClCompile>
    <ClCompile Include="..\..\lib\zip_source_get_file_attributes.c">
      <Filter>源文件\lib</Filter>
    </ClCompile>
    <ClCompile Include="..\..\lib\zip_source_is_deleted.c">
      <Filter>源文件\lib</Filter>
    </ClCompile>
    <ClCompile Include="..\..\lib\zip_source_layered.c">
      <Filter>源文件\lib</Filter>
    </ClCompile>
    <ClCompile Include="..\..\lib\zip_source_open.c">
      <Filter>源文件\lib</Filter>
    </ClCompile>
    <ClCompile Include="..\..\lib\zip_source_pass_to_lower_layer.c">
      <Filter>源文件\lib</Filter>
    </ClCompile>
    <ClCompile Include="..\..\lib\zip_source_pkware_decode.c">
      <Filter>源文件\lib</Filter>
    </ClCompile>
    <ClCompile Include="..\..\lib\zip_source_pkware_encode.c">
      <Filter>源文件\lib</Filter>
    </ClCompile>
    <ClCompile Include="..\..\lib\zip_source_read.c">
      <Filter>源文件\lib</Filter>
    </ClCompile>
    <ClCompile Include="..\..\lib\zip_source_remove.c">
      <Filter>源文件\lib</Filter>
    </ClCompile>
    <ClCompile Include="..\..\lib\zip_source_rollback_write.c">
      <Filter>源文件\lib</Filter>
    </ClCompile>
    <ClCompile Include="..\..\lib\zip_source_seek.c">
      <Filter>源文件\lib</Filter>
    </ClCompile>
    <ClCompile Include="..\..\lib\zip_source_seek_write.c">
      <Filter>源文件\lib</Filter>
    </ClCompile>
    <ClCompile Include="..\..\lib\zip_source_stat.c">
      <Filter>源文件\lib</Filter>
    </ClCompile>
    <ClCompile Include="..\..\lib\zip_source_supports.c">
      <Filter>源文件\lib</Filter>
    </ClCompile>
    <ClCompile Include="..\..\lib\zip_source_tell.c">
      <Filter>源文件\lib</Filter>
    </ClCompile>
    <ClCompile Include="..\..\lib\zip_source_tell_write.c">
      <Filter>源文件\lib</Filter>
    </ClCompile>
    <ClCompile Include="..\..\lib\zip_source_window.c">
      <Filter>源文件\lib</Filter>
    </ClCompile>
    <ClCompile Include="..\..\lib\zip_source_winzip_aes_decode.c">
      <Filter>源文件\lib</Filter>
    </ClCompile>
    <ClCompile Include="..\..\lib\zip_source_winzip_aes_encode.c">
      <Filter>源文件\lib</Filter>
    </ClCompile>
    <ClCompile Include="..\..\lib\zip_source_write.c">
      <Filter>源文件\lib</Filter>
    </ClCompile>
    <ClCompile Include="..\..\lib\zip_source_zip.c">
      <Filter>源文件\lib</Filter>
    </ClCompile>
    <ClCompile Include="..\..\lib\zip_source_zip_new.c">
      <Filter>源文件\lib</Filter>
    </ClCompile>
    <ClCompile Include="..\..\lib\zip_stat.c">
      <Filter>源文件\lib</Filter>
    </ClCompile>
    <ClCompile Include="..\..\lib\zip_stat_index.c">
      <Filter>源文件\lib</Filter>
    </ClCompile>
    <ClCompile Include="..\..\lib\zip_stat_init.c">
      <Filter>源文件\lib</Filter>
    </ClCompile>
    <ClCompile Include="..\..\lib\zip_strerror.c">
      <Filter>源文件\lib</Filter>
    </ClCompile>
    <ClCompile Include="..\..\lib\zip_string.c">
      <Filter>源文件\lib</Filter>
    </ClCompile>
    <ClCompile Include="..\..\lib\zip_unchange.c">
      <Filter>源文件\lib</Filter>
    </ClCompile>
    <ClCompile Include="..\..\lib\zip_unchange_all.c">
      <Filter>源文件\lib</Filter>
    </ClCompile>
    <ClCompile Include="..\..\lib\zip_unchange_archive.c">
      <Filter>源文件\lib</Filter>
    </ClCompile>
    <ClCompile Include="..\..\lib\zip_unchange_data.c">
      <Filter>源文件\lib</Filter>
    </ClCompile>
    <ClCompile Include="..\..\lib\zip_utf-8.c">
      <Filter>源文件\lib</Filter>
    </ClCompile>
    <ClCompile Include="..\..\lib\zip_winzip_aes.c">
      <Filter>源文件\lib</Filter>
    </ClCompile>
  </ItemGroup>
  <ItemGroup>
    <ClInclude Include="config.h">
      <Filter>头文件</Filter>
    </ClInclude>
    <ClInclude Include="..\..\lib\zipint.h">
      <Filter>头文件</Filter>
    </ClInclude>
    <ClInclude Include="NuGetPack\build\native\include\zip.h">
      <Filter>头文件</Filter>
    </ClInclude>
    <ClInclude Include="NuGetPack\build\native\include\zipconf.h">
      <Filter>头文件</Filter>
    </ClInclude>
  </ItemGroup>
  <ItemGroup>
    <Library Include="$(ZLibDir)lib\$(Platform)\Debug\$(ZLibName).lib" />
  </ItemGroup>
</Project>